<?xml version="1.0" encoding="utf-8"?>
<!--
xmake version 3.0.6+master.11dd96c3a

  This file is auto generated by xmake.

  Please DO NOT EDIT since all your modification will lost after re-generation.
  See https://github.com/xmake-io/xmake/pull/472 for more infomation.
-->
<Project ToolsVersion="4.0" xmlns="http://schemas.microsoft.com/developer/msbuild/2003">
  <ItemGroup>
    <Filter Include="Properties">
      <UniqueIdentifier>{CC7C6180-942D-056E-3227-E6A2B3FB19CD}</UniqueIdentifier>
    </Filter>
    <Filter Include="Tests">
      <UniqueIdentifier>{3257C588-7286-4DD8-9933-3837CD015395}</UniqueIdentifier>
    </Filter>

  </ItemGroup>
  <ItemGroup>
    <None Include="$(MSBuildProjectDirectory)\Xmake.Custom.props">
      <Filter>Properties</Filter>
    </None>
    <None Include="$(MSBuildProjectDirectory)\Xmake.Custom.targets">
      <Filter>Properties</Filter>
    </None>
    <None Include="$(MSBuildProjectDirectory)\Xmake.Custom.items">
      <Filter>Properties</Filter>
    </None>
    <None Include="$(MSBuildProjectDirectory)\Xmake.Custom.items.filters">
      <Filter>Properties</Filter>
    </None>
    <None Include="$(XmakeScriptDir)\xmake.lua">
      <Filter>Properties</Filter>
    </None>
  </ItemGroup>
  <ItemGroup>


  </ItemGroup>
  <ItemGroup>
    <ClCompile Include="$(XmakeProjectDir)\Tests\CompileAPI.c">
      <Filter>Tests</Filter>
    </ClCompile>
    <ClCompile Include="$(XmakeProjectDir)\Tests\CompileCUIAPI.c">
      <Filter>Tests</Filter>
    </ClCompile>

    <ClCompile Include="$(XmakeProjectDir)\Tests\CompileAPI.cpp">
      <Filter>Tests</Filter>
    </ClCompile>
    <ClCompile Include="$(XmakeProjectDir)\Tests\CompileHostAPILayout.cpp">
      <Filter>Tests</Filter>
    </ClCompile>
    <ClCompile Include="$(XmakeProjectDir)\Tests\CompileIconGlyphs.cpp">
      <Filter>Tests</Filter>
    </ClCompile>
    <ClCompile Include="$(XmakeProjectDir)\Tests\CompileLayout.cpp">
      <Filter>Tests</Filter>
    </ClCompile>
    <ClCompile Include="$(XmakeProjectDir)\Tests\CompileNoWindowsMacros.cpp">
      <Filter>Tests</Filter>
    </ClCompile>
    <ClCompile Include="$(XmakeProjectDir)\Tests\CompileSettingsActions.cpp">
      <Filter>Tests</Filter>
    </ClCompile>
    <ClCompile Include="$(XmakeProjectDir)\Tests\CompileTextView.cpp">
      <Filter>Tests</Filter>
    </ClCompile>
    <ClCompile Include="$(XmakeProjectDir)\Tests\CompileUI.cpp">
      <Filter>Tests</Filter>
    </ClCompile>
    <ClCompile Include="$(XmakeProjectDir)\Tests\CompileVisualDecisions.cpp">
      <Filter>Tests</Filter>
    </ClCompile>



  </ItemGroup>
  <ItemGroup>

  </ItemGroup>
  <ItemGroup>




  </ItemGroup>
  <Import Condition="Exists('$(MSBuildThisFileDirectory)\Xmake.Custom.files.filters')"
    Project="$(MSBuildThisFileDirectory)\Xmake.Custom.files.filters" />
</Project>
